
Microsoft Visual Studio Solution File, Format Version 12.00
# Visual Studio Version 16
VisualStudioVersion = 16.0.30011.22
MinimumVisualStudioVersion = 10.0.40219.1
Project("{9A19103F-16F7-4668-BE54-9A1E7A4F7556}") = "WinDockerSharpLegacy", "WinDockerSharpLegacy\WinDockerSharpLegacy.csproj", "{4F0A50F6-ADFE-40E1-AF14-CD9E659ECC9F}"
EndProject
Global
	GlobalSection(SolutionConfigurationPlatforms) = preSolution
		Debug|Any CPU = Debug|Any CPU
		Release|Any CPU = Release|Any CPU
	EndGlobalSection
	GlobalSection(ProjectConfigurationPlatforms) = postSolution
		{4F0A50F6-ADFE-40E1-AF14-CD9E659ECC9F}.Debug|Any CPU.ActiveCfg = Debug|Any CPU
		{4F0A50F6-ADFE-40E1-AF14-CD9E659ECC9F}.Debug|Any CPU.Build.0 = Debug|Any CPU
		{4F0A50F6-ADFE-40E1-AF14-CD9E659ECC9F}.Release|Any CPU.ActiveCfg = Release|Any CPU
		{4F0A50F6-ADFE-40E1-AF14-CD9E659ECC9F}.Release|Any CPU.Build.0 = Release|Any CPU
	EndGlobalSection
	GlobalSection(SolutionProperties) = preSolution
		HideSolutionNode = FALSE
	EndGlobalSection
	GlobalSection(ExtensibilityGlobals) = postSolution
		SolutionGuid = {E4CE7F62-4F15-4BCF-B3DC-DB940490E04F}
	EndGlobalSection
EndGlobal
